// !$*UTF8*$!
{
	archiveVersion = 1;
	classes = {
	};
	objectVersion = 46;
	objects = {

/* Begin PBXBuildFile section */
		6E0303D91C3A4692009DCD01 /* main.m in Sources */ = {isa = PBXBuildFile; fileRef = 6E0303D81C3A4692009DCD01 /* main.m */; };
		6E0303DC1C3A4692009DCD01 /* AppDelegate.m in Sources */ = {isa = PBXBuildFile; fileRef = 6E0303DB1C3A4692009DCD01 /* AppDelegate.m */; };
		6E0303E21C3A4692009DCD01 /* Main.storyboard in Resources */ = {isa = PBXBuildFile; fileRef = 6E0303E01C3A4692009DCD01 /* Main.storyboard */; };
		6E0303E41C3A4692009DCD01 /* Assets.xcassets in Resources */ = {isa = PBXBuildFile; fileRef = 6E0303E31C3A4692009DCD01 /* Assets.xcassets */; };
		6E0303E71C3A4692009DCD01 /* LaunchScreen.storyboard in Resources */ = {isa = PBXBuildFile; fileRef = 6E0303E51C3A4692009DCD01 /* LaunchScreen.storyboard */; };
		6E0303F21C3A4692009DCD01 /* LCNContactPickerTests.m in Sources */ = {isa = PBXBuildFile; fileRef = 6E0303F11C3A4692009DCD01 /* LCNContactPickerTests.m */; };
		6E0303FD1C3A4692009DCD01 /* LCNContactPickerUITests.m in Sources */ = {isa = PBXBuildFile; fileRef = 6E0303FC1C3A4692009DCD01 /* LCNContactPickerUITests.m */; };
		6E0304121C3A46B3009DCD01 /* LCNContactModel.m in Sources */ = {isa = PBXBuildFile; fileRef = 6E03040B1C3A46B3009DCD01 /* LCNContactModel.m */; };
		6E0304131C3A46B3009DCD01 /* LCNContactView.m in Sources */ = {isa = PBXBuildFile; fileRef = 6E03040D1C3A46B3009DCD01 /* LCNContactView.m */; };
		6E0304141C3A46B3009DCD01 /* LCNTextField.m in Sources */ = {isa = PBXBuildFile; fileRef = 6E03040F1C3A46B3009DCD01 /* LCNTextField.m */; };
		6E0304151C3A46B3009DCD01 /* LCNContactPickerView.m in Sources */ = {isa = PBXBuildFile; fileRef = 6E0304111C3A46B3009DCD01 /* LCNContactPickerView.m */; };
		6E0304181C3A46C6009DCD01 /* ViewController.m in Sources */ = {isa = PBXBuildFile; fileRef = 6E0304171C3A46C6009DCD01 /* ViewController.m */; };
		6EED816B1C3A4D980044CC6C /* LCNContactViewStyle.m in Sources */ = {isa = PBXBuildFile; fileRef = 6EED816A1C3A4D980044CC6C /* LCNContactViewStyle.m */; };
		6EED816F1C3A652F0044CC6C /* Demo.gif in Resources */ = {isa = PBXBuildFile; fileRef = 6EED816E1C3A652F0044CC6C /* Demo.gif */; };
/* End PBXBuildFile section */

/* Begin PBXContainerItemProxy section */
		6E0303EE1C3A4692009DCD01 /* PBXContainerItemProxy */ = {
			isa = PBXContainerItemProxy;
			containerPortal = 6E0303CC1C3A4692009DCD01 /* Project object */;
			proxyType = 1;
			remoteGlobalIDString = 6E0303D31C3A4692009DCD01;
			remoteInfo = LCNContactPicker;
		};
		6E0303F91C3A4692009DCD01 /* PBXContainerItemProxy */ = {
			isa = PBXContainerItemProxy;
			containerPortal = 6E0303CC1C3A4692009DCD01 /* Project object */;
			proxyType = 1;
			remoteGlobalIDString = 6E0303D31C3A4692009DCD01;
			remoteInfo = LCNContactPicker;
		};
/* End PBXContainerItemProxy section */

/* Begin PBXFileReference section */
		6E0303D41C3A4692009DCD01 /* LCNContactPicker.app */ = {isa = PBXFileReference; explicitFileType = wrapper.application; includeInIndex = 0; path = LCNContactPicker.app; sourceTree = BUILT_PRODUCTS_DIR; };
		6E0303D81C3A4692009DCD01 /* main.m */ = {isa = PBXFileReference; lastKnownFileType = sourcecode.c.objc; path = main.m; sourceTree = "<group>"; };
		6E0303DA1C3A4692009DCD01 /* AppDelegate.h */ = {isa = PBXFileReference; lastKnownFileType = sourcecode.c.h; path = AppDelegate.h; sourceTree = "<group>"; };
		6E0303DB1C3A4692009DCD01 /* AppDelegate.m */ = {isa = PBXFileReference; lastKnownFileType = sourcecode.c.objc; path = AppDelegate.m; sourceTree = "<group>"; };
		6E0303E11C3A4692009DCD01 /* Base */ = {isa = PBXFileReference; lastKnownFileType = file.storyboard; name = Base; path = Base.lproj/Main.storyboard; sourceTree = "<group>"; };
		6E0303E31C3A4692009DCD01 /* Assets.xcassets */ = {isa = PBXFileReference; lastKnownFileType = folder.assetcatalog; path = Assets.xcassets; sourceTree = "<group>"; };
		6E0303E61C3A4692009DCD01 /* Base */ = {isa = PBXFileReference; lastKnownFileType = file.storyboard; name = Base; path = Base.lproj/LaunchScreen.storyboard; sourceTree = "<group>"; };
		6E0303E81C3A4692009DCD01 /* Info.plist */ = {isa = PBXFileReference; lastKnownFileType = text.plist.xml; path = Info.plist; sourceTree = "<group>"; };
		6E0303ED1C3A4692009DCD01 /* LCNContactPickerTests.xctest */ = {isa = PBXFileReference; explicitFileType = wrapper.cfbundle; includeInIndex = 0; path = LCNContactPickerTests.xctest; sourceTree = BUILT_PRODUCTS_DIR; };
		6E0303F11C3A4692009DCD01 /* LCNContactPickerTests.m */ = {isa = PBXFileReference; lastKnownFileType = sourcecode.c.objc; path = LCNContactPickerTests.m; sourceTree = "<group>"; };
		6E0303F31C3A4692009DCD01 /* Info.plist */ = {isa = PBXFileReference; lastKnownFileType = text.plist.xml; path = Info.plist; sourceTree = "<group>"; };
		6E0303F81C3A4692009DCD01 /* LCNContactPickerUITests.xctest */ = {isa = PBXFileReference; explicitFileType = wrapper.cfbundle; includeInIndex = 0; path = LCNContactPickerUITests.xctest; sourceTree = BUILT_PRODUCTS_DIR; };
		6E0303FC1C3A4692009DCD01 /* LCNContactPickerUITests.m */ = {isa = PBXFileReference; lastKnownFileType = sourcecode.c.objc; path = LCNContactPickerUITests.m; sourceTree = "<group>"; };
		6E0303FE1C3A4692009DCD01 /* Info.plist */ = {isa = PBXFileReference; lastKnownFileType = text.plist.xml; path = Info.plist; sourceTree = "<group>"; };
		6E03040A1C3A46B3009DCD01 /* LCNContactModel.h */ = {isa = PBXFileReference; fileEncoding = 4; lastKnownFileType = sourcecode.c.h; path = LCNContactModel.h; sourceTree = "<group>"; };
		6E03040B1C3A46B3009DCD01 /* LCNContactModel.m */ = {isa = PBXFileReference; fileEncoding = 4; lastKnownFileType = sourcecode.c.objc; path = LCNContactModel.m; sourceTree = "<group>"; };
		6E03040C1C3A46B3009DCD01 /* LCNContactView.h */ = {isa = PBXFileReference; fileEncoding = 4; lastKnownFileType = sourcecode.c.h; path = LCNContactView.h; sourceTree = "<group>"; };
		6E03040D1C3A46B3009DCD01 /* LCNContactView.m */ = {isa = PBXFileReference; fileEncoding = 4; lastKnownFileType = sourcecode.c.objc; path = LCNContactView.m; sourceTree = "<group>"; };
		6E03040E1C3A46B3009DCD01 /* LCNTextField.h */ = {isa = PBXFileReference; fileEncoding = 4; lastKnownFileType = sourcecode.c.h; path = LCNTextField.h; sourceTree = "<group>"; };
		6E03040F1C3A46B3009DCD01 /* LCNTextField.m */ = {isa = PBXFileReference; fileEncoding = 4; lastKnownFileType = sourcecode.c.objc; path = LCNTextField.m; sourceTree = "<group>"; };
		6E0304101C3A46B3009DCD01 /* LCNContactPickerView.h */ = {isa = PBXFileReference; fileEncoding = 4; lastKnownFileType = sourcecode.c.h; path = LCNContactPickerView.h; sourceTree = "<group>"; };
		6E0304111C3A46B3009DCD01 /* LCNContactPickerView.m */ = {isa = PBXFileReference; fileEncoding = 4; lastKnownFileType = sourcecode.c.objc; path = LCNContactPickerView.m; sourceTree = "<group>"; };
		6E0304161C3A46C6009DCD01 /* ViewController.h */ = {isa = PBXFileReference; fileEncoding = 4; lastKnownFileType = sourcecode.c.h; path = ViewController.h; sourceTree = "<group>"; };
		6E0304171C3A46C6009DCD01 /* ViewController.m */ = {isa = PBXFileReference; fileEncoding = 4; lastKnownFileType = sourcecode.c.objc; path = ViewController.m; sourceTree = "<group>"; };
		6EED81691C3A4D980044CC6C /* LCNContactViewStyle.h */ = {isa = PBXFileReference; fileEncoding = 4; lastKnownFileType = sourcecode.c.h; path = LCNContactViewStyle.h; sourceTree = "<group>"; };
		6EED816A1C3A4D980044CC6C /* LCNContactViewStyle.m */ = {isa = PBXFileReference; fileEncoding = 4; lastKnownFileType = sourcecode.c.objc; path = LCNContactViewStyle.m; sourceTree = "<group>"; };
		6EED816E1C3A652F0044CC6C /* Demo.gif */ = {isa = PBXFileReference; lastKnownFileType = image.gif; path = Demo.gif; sourceTree = "<group>"; };
/* End PBXFileReference section */

/* Begin PBXFrameworksBuildPhase section */
		6E0303D11C3A4692009DCD01 /* Frameworks */ = {
			isa = PBXFrameworksBuildPhase;
			buildActionMask = 2147483647;
			files = (
			);
			runOnlyForDeploymentPostprocessing = 0;
		};
		6E0303EA1C3A4692009DCD01 /* Frameworks */ = {
			isa = PBXFrameworksBuildPhase;
			buildActionMask = 2147483647;
			files = (
			);
			runOnlyForDeploymentPostprocessing = 0;
		};
		6E0303F51C3A4692009DCD01 /* Frameworks */ = {
			isa = PBXFrameworksBuildPhase;
			buildActionMask = 2147483647;
			files = (
			);
			runOnlyForDeploymentPostprocessing = 0;
		};
/* End PBXFrameworksBuildPhase section */

/* Begin PBXGroup section */
		6E0303CB1C3A4692009DCD01 = {
			isa = PBXGroup;
			children = (
				6E0303D61C3A4692009DCD01 /* LCNContactPicker */,
				6E0303F01C3A4692009DCD01 /* LCNContactPickerTests */,
				6E0303FB1C3A4692009DCD01 /* LCNContactPickerUITests */,
				6E0303D51C3A4692009DCD01 /* Products */,
			);
			sourceTree = "<group>";
		};
		6E0303D51C3A4692009DCD01 /* Products */ = {
			isa = PBXGroup;
			children = (
				6E0303D41C3A4692009DCD01 /* LCNContactPicker.app */,
				6E0303ED1C3A4692009DCD01 /* LCNContactPickerTests.xctest */,
				6E0303F81C3A4692009DCD01 /* LCNContactPickerUITests.xctest */,
			);
			name = Products;
			sourceTree = "<group>";
		};
		6E0303D61C3A4692009DCD01 /* LCNContactPicker */ = {
			isa = PBXGroup;
			children = (
				6EED81681C3A472A0044CC6C /* LCNContactPicker */,
				6E0303D71C3A4692009DCD01 /* Supporting Files */,
				6EED816E1C3A652F0044CC6C /* Demo.gif */,
				6E0304161C3A46C6009DCD01 /* ViewController.h */,
				6E0304171C3A46C6009DCD01 /* ViewController.m */,
			);
			path = LCNContactPicker;
			sourceTree = "<group>";
		};
		6E0303D71C3A4692009DCD01 /* Supporting Files */ = {
			isa = PBXGroup;
			children = (
				6E0303DA1C3A4692009DCD01 /* AppDelegate.h */,
				6E0303DB1C3A4692009DCD01 /* AppDelegate.m */,
				6E0303E31C3A4692009DCD01 /* Assets.xcassets */,
				6E0303E81C3A4692009DCD01 /* Info.plist */,
				6E0303E51C3A4692009DCD01 /* LaunchScreen.storyboard */,
				6E0303E01C3A4692009DCD01 /* Main.storyboard */,
				6E0303D81C3A4692009DCD01 /* main.m */,
			);
			path = "Supporting Files";
			sourceTree = "<group>";
		};
		6E0303F01C3A4692009DCD01 /* LCNContactPickerTests */ = {
			isa = PBXGroup;
			children = (
				6E0303F31C3A4692009DCD01 /* Info.plist */,
				6E0303F11C3A4692009DCD01 /* LCNContactPickerTests.m */,
			);
			path = LCNContactPickerTests;
			sourceTree = "<group>";
		};
		6E0303FB1C3A4692009DCD01 /* LCNContactPickerUITests */ = {
			isa = PBXGroup;
			children = (
				6E0303FE1C3A4692009DCD01 /* Info.plist */,
				6E0303FC1C3A4692009DCD01 /* LCNContactPickerUITests.m */,
			);
			path = LCNContactPickerUITests;
			sourceTree = "<group>";
		};
		6EED81681C3A472A0044CC6C /* LCNContactPicker */ = {
			isa = PBXGroup;
			children = (
				6EED816D1C3A62BD0044CC6C /* Model */,
				6EED816C1C3A62B80044CC6C /* View */,
				6E0304101C3A46B3009DCD01 /* LCNContactPickerView.h */,
				6E0304111C3A46B3009DCD01 /* LCNContactPickerView.m */,
			);
			path = LCNContactPicker;
			sourceTree = "<group>";
		};
		6EED816C1C3A62B80044CC6C /* View */ = {
			isa = PBXGroup;
			children = (
				6E03040C1C3A46B3009DCD01 /* LCNContactView.h */,
				6E03040D1C3A46B3009DCD01 /* LCNContactView.m */,
				6E03040E1C3A46B3009DCD01 /* LCNTextField.h */,
				6E03040F1C3A46B3009DCD01 /* LCNTextField.m */,
			);
			path = View;
			sourceTree = "<group>";
		};
		6EED816D1C3A62BD0044CC6C /* Model */ = {
			isa = PBXGroup;
			children = (
				6E03040A1C3A46B3009DCD01 /* LCNContactModel.h */,
				6E03040B1C3A46B3009DCD01 /* LCNContactModel.m */,
				6EED81691C3A4D980044CC6C /* LCNContactViewStyle.h */,
				6EED816A1C3A4D980044CC6C /* LCNContactViewStyle.m */,
			);
			path = Model;
			sourceTree = "<group>";
		};
/* End PBXGroup section */

/* Begin PBXNativeTarget section */
		6E0303D31C3A4692009DCD01 /* LCNContactPicker */ = {
			isa = PBXNativeTarget;
			buildConfigurationList = 6E0304011C3A4692009DCD01 /* Build configuration list for PBXNativeTarget "LCNContactPicker" */;
			buildPhases = (
				6E0303D01C3A4692009DCD01 /* Sources */,
				6E0303D11C3A4692009DCD01 /* Frameworks */,
				6E0303D21C3A4692009DCD01 /* Resources */,
			);
			buildRules = (
			);
			dependencies = (
			);
			name = LCNContactPicker;
			productName = LCNContactPicker;
			productReference = 6E0303D41C3A4692009DCD01 /* LCNContactPicker.app */;
			productType = "com.apple.product-type.application";
		};
		6E0303EC1C3A4692009DCD01 /* LCNContactPickerTests */ = {
			isa = PBXNativeTarget;
			buildConfigurationList = 6E0304041C3A4692009DCD01 /* Build configuration list for PBXNativeTarget "LCNContactPickerTests" */;
			buildPhases = (
				6E0303E91C3A4692009DCD01 /* Sources */,
				6E0303EA1C3A4692009DCD01 /* Frameworks */,
				6E0303EB1C3A4692009DCD01 /* Resources */,
			);
			buildRules = (
			);
			dependencies = (
				6E0303EF1C3A4692009DCD01 /* PBXTargetDependency */,
			);
			name = LCNContactPickerTests;
			productName = LCNContactPickerTests;
			productReference = 6E0303ED1C3A4692009DCD01 /* LCNContactPickerTests.xctest */;
			productType = "com.apple.product-type.bundle.unit-test";
		};
		6E0303F71C3A4692009DCD01 /* LCNContactPickerUITests */ = {
			isa = PBXNativeTarget;
			buildConfigurationList = 6E0304071C3A4692009DCD01 /* Build configuration list for PBXNativeTarget "LCNContactPickerUITests" */;
			buildPhases = (
				6E0303F41C3A4692009DCD01 /* Sources */,
				6E0303F51C3A4692009DCD01 /* Frameworks */,
				6E0303F61C3A4692009DCD01 /* Resources */,
			);
			buildRules = (
			);
			dependencies = (
				6E0303FA1C3A4692009DCD01 /* PBXTargetDependency */,
			);
			name = LCNContactPickerUITests;
			productName = LCNContactPickerUITests;
			productReference = 6E0303F81C3A4692009DCD01 /* LCNContactPickerUITests.xctest */;
			productType = "com.apple.product-type.bundle.ui-testing";
		};
/* End PBXNativeTarget section */

/* Begin PBXProject section */
		6E0303CC1C3A4692009DCD01 /* Project object */ = {
			isa = PBXProject;
			attributes = {
				LastUpgradeCheck = 0720;
				ORGANIZATIONNAME = "黄春涛";
				TargetAttributes = {
					6E0303D31C3A4692009DCD01 = {
						CreatedOnToolsVersion = 7.2;
						DevelopmentTeam = 6K9HLYD652;
					};
					6E0303EC1C3A4692009DCD01 = {
						CreatedOnToolsVersion = 7.2;
						TestTargetID = 6E0303D31C3A4692009DCD01;
					};
					6E0303F71C3A4692009DCD01 = {
						CreatedOnToolsVersion = 7.2;
						TestTargetID = 6E0303D31C3A4692009DCD01;
					};
				};
			};
			buildConfigurationList = 6E0303CF1C3A4692009DCD01 /* Build configuration list for PBXProject "LCNContactPicker" */;
			compatibilityVersion = "Xcode 3.2";
			developmentRegion = English;
			hasScannedForEncodings = 0;
			knownRegions = (
				en,
				Base,
			);
			mainGroup = 6E0303CB1C3A4692009DCD01;
			productRefGroup = 6E0303D51C3A4692009DCD01 /* Products */;
			projectDirPath = "";
			projectRoot = "";
			targets = (
				6E0303D31C3A4692009DCD01 /* LCNContactPicker */,
				6E0303EC1C3A4692009DCD01 /* LCNContactPickerTests */,
				6E0303F71C3A4692009DCD01 /* LCNContactPickerUITests */,
			);
		};
/* End PBXProject section */

/* Begin PBXResourcesBuildPhase section */
		6E0303D21C3A4692009DCD01 /* Resources */ = {
			isa = PBXResourcesBuildPhase;
			buildActionMask = 2147483647;
			files = (
				6E0303E71C3A4692009DCD01 /* LaunchScreen.storyboard in Resources */,
				6E0303E41C3A4692009DCD01 /* Assets.xcassets in Resources */,
				6E0303E21C3A4692009DCD01 /* Main.storyboard in Resources */,
				6EED816F1C3A652F0044CC6C /* Demo.gif in Resources */,
			);
			runOnlyForDeploymentPostprocessing = 0;
		};
		6E0303EB1C3A4692009DCD01 /* Resources */ = {
			isa = PBXResourcesBuildPhase;
			buildActionMask = 2147483647;
			files = (
			);
			runOnlyForDeploymentPostprocessing = 0;
		};
		6E0303F61C3A4692009DCD01 /* Resources */ = {
			isa = PBXResourcesBuildPhase;
			buildActionMask = 2147483647;
			files = (
			);
			runOnlyForDeploymentPostprocessing = 0;
		};
/* End PBXResourcesBuildPhase section */

/* Begin PBXSourcesBuildPhase section */
		6E0303D01C3A4692009DCD01 /* Sources */ = {
			isa = PBXSourcesBuildPhase;
			buildActionMask = 2147483647;
			files = (
				6E0304181C3A46C6009DCD01 /* ViewController.m in Sources */,
				6E0303DC1C3A4692009DCD01 /* AppDelegate.m in Sources */,
				6E0304121C3A46B3009DCD01 /* LCNContactModel.m in Sources */,
				6E0304141C3A46B3009DCD01 /* LCNTextField.m in Sources */,
				6E0304151C3A46B3009DCD01 /* LCNContactPickerView.m in Sources */,
				6EED816B1C3A4D980044CC6C /* LCNContactViewStyle.m in Sources */,
				6E0303D91C3A4692009DCD01 /* main.m in Sources */,
				6E0304131C3A46B3009DCD01 /* LCNContactView.m in Sources */,
			);
			runOnlyForDeploymentPostprocessing = 0;
		};
		6E0303E91C3A4692009DCD01 /* Sources */ = {
			isa = PBXSourcesBuildPhase;
			buildActionMask = 2147483647;
			files = (
				6E0303F21C3A4692009DCD01 /* LCNContactPickerTests.m in Sources */,
			);
			runOnlyForDeploymentPostprocessing = 0;
		};
		6E0303F41C3A4692009DCD01 /* Sources */ = {
			isa = PBXSourcesBuildPhase;
			buildActionMask = 2147483647;
			files = (
				6E0303FD1C3A4692009DCD01 /* LCNContactPickerUITests.m in Sources */,
			);
			runOnlyForDeploymentPostprocessing = 0;
		};
/* End PBXSourcesBuildPhase section */

/* Begin PBXTargetDependency section */
		6E0303EF1C3A4692009DCD01 /* PBXTargetDependency */ = {
			isa = PBXTargetDependency;
			target = 6E0303D31C3A4692009DCD01 /* LCNContactPicker */;
			targetProxy = 6E0303EE1C3A4692009DCD01 /* PBXContainerItemProxy */;
		};
		6E0303FA1C3A4692009DCD01 /* PBXTargetDependency */ = {
			isa = PBXTargetDependency;
			target = 6E0303D31C3A4692009DCD01 /* LCNContactPicker */;
			targetProxy = 6E0303F91C3A4692009DCD01 /* PBXContainerItemProxy */;
		};
/* End PBXTargetDependency section */

/* Begin PBXVariantGroup section */
		6E0303E01C3A4692009DCD01 /* Main.storyboard */ = {
			isa = PBXVariantGroup;
			children = (
				6E0303E11C3A4692009DCD01 /* Base */,
			);
			name = Main.storyboard;
			path = .;
			sourceTree = "<group>";
		};
		6E0303E51C3A4692009DCD01 /* LaunchScreen.storyboard */ = {
			isa = PBXVariantGroup;
			children = (
				6E0303E61C3A4692009DCD01 /* Base */,
			);
			name = LaunchScreen.storyboard;
			path = .;
			sourceTree = "<group>";
		};
/* End PBXVariantGroup section */

/* Begin XCBuildConfiguration section */
		6E0303FF1C3A4692009DCD01 /* Debug */ = {
			isa = XCBuildConfiguration;
			buildSettings = {
				ALWAYS_SEARCH_USER_PATHS = NO;
				CLANG_CXX_LANGUAGE_STANDARD = "gnu++0x";
				CLANG_CXX_LIBRARY = "libc++";
				CLANG_ENABLE_MODULES = YES;
				CLANG_ENABLE_OBJC_ARC = YES;
				CLANG_WARN_BOOL_CONVERSION = YES;
				CLANG_WARN_CONSTANT_CONVERSION = YES;
				CLANG_WARN_DIRECT_OBJC_ISA_USAGE = YES_ERROR;
				CLANG_WARN_EMPTY_BODY = YES;
				CLANG_WARN_ENUM_CONVERSION = YES;
				CLANG_WARN_INT_CONVERSION = YES;
				CLANG_WARN_OBJC_ROOT_CLASS = YES_ERROR;
				CLANG_WARN_UNREACHABLE_CODE = YES;
				CLANG_WARN__DUPLICATE_METHOD_MATCH = YES;
				"CODE_SIGN_IDENTITY[sdk=iphoneos*]" = "iPhone Developer";
				COPY_PHASE_STRIP = NO;
				DEBUG_INFORMATION_FORMAT = dwarf;
				ENABLE_STRICT_OBJC_MSGSEND = YES;
				ENABLE_TESTABILITY = YES;
				GCC_C_LANGUAGE_STANDARD = gnu99;
				GCC_DYNAMIC_NO_PIC = NO;
				GCC_NO_COMMON_BLOCKS = YES;
				GCC_OPTIMIZATION_LEVEL = 0;
				GCC_PREPROCESSOR_DEFINITIONS = (
					"DEBUG=1",
					"$(inherited)",
				);
				GCC_WARN_64_TO_32_BIT_CONVERSION = YES;
				GCC_WARN_ABOUT_RETURN_TYPE = YES_ERROR;
				GCC_WARN_UNDECLARED_SELECTOR = YES;
				GCC_WARN_UNINITIALIZED_AUTOS = YES_AGGRESSIVE;
				GCC_WARN_UNUSED_FUNCTION = YES;
				GCC_WARN_UNUSED_VARIABLE = YES;
				IPHONEOS_DEPLOYMENT_TARGET = 9.2;
				MTL_ENABLE_DEBUG_INFO = YES;
				ONLY_ACTIVE_ARCH = YES;
				SDKROOT = iphoneos;
				TARGETED_DEVICE_FAMILY = "1,2";
			};
			name = Debug;
		};
		6E0304001C3A4692009DCD01 /* Release */ = {
			isa = XCBuildConfiguration;
			buildSettings = {
				ALWAYS_SEARCH_USER_PATHS = NO;
				CLANG_CXX_LANGUAGE_STANDARD = "gnu++0x";
				CLANG_CXX_LIBRARY = "libc++";
				CLANG_ENABLE_MODULES = YES;
				CLANG_ENABLE_OBJC_ARC = YES;
				CLANG_WARN_BOOL_CONVERSION = YES;
				CLANG_WARN_CONSTANT_CONVERSION = YES;
				CLANG_WARN_DIRECT_OBJC_ISA_USAGE = YES_ERROR;
				CLANG_WARN_EMPTY_BODY = YES;
				CLANG_WARN_ENUM_CONVERSION = YES;
				CLANG_WARN_INT_CONVERSION = YES;
				CLANG_WARN_OBJC_ROOT_CLASS = YES_ERROR;
				CLANG_WARN_UNREACHABLE_CODE = YES;
				CLANG_WARN__DUPLICATE_METHOD_MATCH = YES;
				"CODE_SIGN_IDENTITY[sdk=iphoneos*]" = "iPhone Developer";
				COPY_PHASE_STRIP = NO;
				DEBUG_INFORMATION_FORMAT = "dwarf-with-dsym";
				ENABLE_NS_ASSERTIONS = NO;
				ENABLE_STRICT_OBJC_MSGSEND = YES;
				GCC_C_LANGUAGE_STANDARD = gnu99;
				GCC_NO_COMMON_BLOCKS = YES;
				GCC_WARN_64_TO_32_BIT_CONVERSION = YES;
				GCC_WARN_ABOUT_RETURN_TYPE = YES_ERROR;
				GCC_WARN_UNDECLARED_SELECTOR = YES;
				GCC_WARN_UNINITIALIZED_AUTOS = YES_AGGRESSIVE;
				GCC_WARN_UNUSED_FUNCTION = YES;
				GCC_WARN_UNUSED_VARIABLE = YES;
				IPHONEOS_DEPLOYMENT_TARGET = 9.2;
				MTL_ENABLE_DEBUG_INFO = NO;
				SDKROOT = iphoneos;
				TARGETED_DEVICE_FAMILY = "1,2";
				VALIDATE_PRODUCT = YES;
			};
			name = Release;
		};
		6E0304021C3A4692009DCD01 /* Debug */ = {
			isa = XCBuildConfiguration;
			buildSettings = {
				ASSETCATALOG_COMPILER_APPICON_NAME = AppIcon;
				CODE_SIGN_IDENTITY = "iPhone Developer";
				INFOPLIST_FILE = "LCNContactPicker/Supporting Files/Info.plist";
				IPHONEOS_DEPLOYMENT_TARGET = 8.0;
				LD_RUNPATH_SEARCH_PATHS = "$(inherited) @executable_path/Frameworks";
				PRODUCT_BUNDLE_IDENTIFIER = com.chinamobile.LCNContactPicker;
				PRODUCT_NAME = "$(TARGET_NAME)";
			};
			name = Debug;
		};
		6E0304031C3A4692009DCD01 /* Release */ = {
			isa = XCBuildConfiguration;
			buildSettings = {
				ASSETCATALOG_COMPILER_APPICON_NAME = AppIcon;
				CODE_SIGN_IDENTITY = "iPhone Developer";
				INFOPLIST_FILE = "LCNContactPicker/Supporting Files/Info.plist";
				IPHONEOS_DEPLOYMENT_TARGET = 8.0;
				LD_RUNPATH_SEARCH_PATHS = "$(inherited) @executable_path/Frameworks";
				PRODUCT_BUNDLE_IDENTIFIER = com.chinamobile.LCNContactPicker;
				PRODUCT_NAME = "$(TARGET_NAME)";
			};
			name = Release;
		};
		6E0304051C3A4692009DCD01 /* Debug */ = {
			isa = XCBuildConfiguration;
			buildSettings = {
				BUNDLE_LOADER = "$(TEST_HOST)";
				INFOPLIST_FILE = LCNContactPickerTests/Info.plist;
				LD_RUNPATH_SEARCH_PATHS = "$(inherited) @executable_path/Frameworks @loader_path/Frameworks";
				PRODUCT_BUNDLE_IDENTIFIER = com.chinamobile.LCNContactPickerTests;
				PRODUCT_NAME = "$(TARGET_NAME)";
				TEST_HOST = "$(BUILT_PRODUCTS_DIR)/LCNContactPicker.app/LCNContactPicker";
			};
			name = Debug;
		};
		6E0304061C3A4692009DCD01 /* Release */ = {
			isa = XCBuildConfiguration;
			buildSettings = {
				BUNDLE_LOADER = "$(TEST_HOST)";
				INFOPLIST_FILE = LCNContactPickerTests/Info.plist;
				LD_RUNPATH_SEARCH_PATHS = "$(inherited) @executable_path/Frameworks @loader_path/Frameworks";
				PRODUCT_BUNDLE_IDENTIFIER = com.chinamobile.LCNContactPickerTests;
				PRODUCT_NAME = "$(TARGET_NAME)";
				TEST_HOST = "$(BUILT_PRODUCTS_DIR)/LCNContactPicker.app/LCNContactPicker";
			};
			name = Release;
		};
		6E0304081C3A4692009DCD01 /* Debug */ = {
			isa = XCBuildConfiguration;
			buildSettings = {
				INFOPLIST_FILE = LCNContactPickerUITests/Info.plist;
				LD_RUNPATH_SEARCH_PATHS = "$(inherited) @executable_path/Frameworks @loader_path/Frameworks";
				PRODUCT_BUNDLE_IDENTIFIER = com.chinamobile.LCNContactPickerUITests;
				PRODUCT_NAME = "$(TARGET_NAME)";
				TEST_TARGET_NAME = LCNContactPicker;
				USES_XCTRUNNER = YES;
			};
			name = Debug;
		};
		6E0304091C3A4692009DCD01 /* Release */ = {
			isa = XCBuildConfiguration;
			buildSettings = {
				INFOPLIST_FILE = LCNContactPickerUITests/Info.plist;
				LD_RUNPATH_SEARCH_PATHS = "$(inherited) @executable_path/Frameworks @loader_path/Frameworks";
				PRODUCT_BUNDLE_IDENTIFIER = com.chinamobile.LCNContactPickerUITests;
				PRODUCT_NAME = "$(TARGET_NAME)";
				TEST_TARGET_NAME = LCNContactPicker;
				USES_XCTRUNNER = YES;
			};
			name = Release;
		};
/* End XCBuildConfiguration section */

/* Begin XCConfigurationList section */
		6E0303CF1C3A4692009DCD01 /* Build configuration list for PBXProject "LCNContactPicker" */ = {
			isa = XCConfigurationList;
			buildConfigurations = (
				6E0303FF1C3A4692009DCD01 /* Debug */,
				6E0304001C3A4692009DCD01 /* Release */,
			);
			defaultConfigurationIsVisible = 0;
			defaultConfigurationName = Release;
		};
		6E0304011C3A4692009DCD01 /* Build configuration list for PBXNativeTarget "LCNContactPicker" */ = {
			isa = XCConfigurationList;
			buildConfigurations = (
				6E0304021C3A4692009DCD01 /* Debug */,
				6E0304031C3A4692009DCD01 /* Release */,
			);
			defaultConfigurationIsVisible = 0;
			defaultConfigurationName = Release;
		};
		6E0304041C3A4692009DCD01 /* Build configuration list for PBXNativeTarget "LCNContactPickerTests" */ = {
			isa = XCConfigurationList;
			buildConfigurations = (
				6E0304051C3A4692009DCD01 /* Debug */,
				6E0304061C3A4692009DCD01 /* Release */,
			);
			defaultConfigurationIsVisible = 0;
			defaultConfigurationName = Release;
		};
		6E0304071C3A4692009DCD01 /* Build configuration list for PBXNativeTarget "LCNContactPickerUITests" */ = {
			isa = XCConfigurationList;
			buildConfigurations = (
				6E0304081C3A4692009DCD01 /* Debug */,
				6E0304091C3A4692009DCD01 /* Release */,
			);
			defaultConfigurationIsVisible = 0;
			defaultConfigurationName = Release;
		};
/* End XCConfigurationList section */
	};
	rootObject = 6E0303CC1C3A4692009DCD01 /* Project object */;
}
